
Microsoft Visual Studio Solution File, Format Version 12.00
# Visual Studio Version 17
VisualStudioVersion = 17.1.32319.34
MinimumVisualStudioVersion = 10.0.40219.1
Project("{FAE04EC0-301F-11D3-BF4B-00C04F79EFBC}") = "LogBook", "LogBook\LogBook.csproj", "{DDA52135-244E-44D2-ACBC-B289AD0FED24}"
EndProject
Global
	GlobalSection(SolutionConfigurationPlatforms) = preSolution
		Debug|Any CPU = Debug|Any CPU
		Release|Any CPU = Release|Any CPU
	EndGlobalSection
	GlobalSection(ProjectConfigurationPlatforms) = postSolution
		{DDA52135-244E-44D2-ACBC-B289AD0FED24}.Debug|Any CPU.ActiveCfg = Debug|Any CPU
		{DDA52135-244E-44D2-ACBC-B289AD0FED24}.Debug|Any CPU.Build.0 = Debug|Any CPU
		{DDA52135-244E-44D2-ACBC-B289AD0FED24}.Release|Any CPU.ActiveCfg = Release|Any CPU
		{DDA52135-244E-44D2-ACBC-B289AD0FED24}.Release|Any CPU.Build.0 = Release|Any CPU
	EndGlobalSection
	GlobalSection(SolutionProperties) = preSolution
		HideSolutionNode = FALSE
	EndGlobalSection
	GlobalSection(ExtensibilityGlobals) = postSolution
		SolutionGuid = {FDBACCF0-CBFE-434D-84D1-CBF2FD12A1C4}
	EndGlobalSection
EndGlobal
